
Microsoft Visual Studio Solution File, Format Version 12.00
# Visual Studio Version 17
VisualStudioVersion = 17.9.34616.47
MinimumVisualStudioVersion = 10.0.40219.1
Project("{9A19103F-16F7-4668-BE54-9A1E7A4F7556}") = "General Login and Registration Page", "General Login and Registration Page\General Login and Registration Page.csproj", "{E21D05E5-9882-403C-A4C1-804F9C21735C}"
EndProject
Project("{9A19103F-16F7-4668-BE54-9A1E7A4F7556}") = "JQuery and Bootstrap with Asp.Net Core MVC", "JQuery and Bootstrap with Asp.Net Core MVC\JQuery and Bootstrap with Asp.Net Core MVC.csproj", "{B0F9061F-E001-4B14-AF4E-ED2813F2EFDA}"
EndProject
Project("{9A19103F-16F7-4668-BE54-9A1E7A4F7556}") = "Cookie-AutoMapper-Notfy-SoftDelete-GL.Filter", "Cookie-AutoMapper-Notfy-SoftDelete-GL.Filter\Cookie-AutoMapper-Notfy-SoftDelete-GL.Filter.csproj", "{112A73EC-4E5B-4295-BB38-D2F4D2D3D2B7}"
EndProject
Project("{9A19103F-16F7-4668-BE54-9A1E7A4F7556}") = "WebAPI for Client Side", "WebAPI for Client Side\WebAPI for Client Side.csproj", "{B457A83F-679D-4A6C-B4C8-096B4573E3DF}"
EndProject
Project("{9A19103F-16F7-4668-BE54-9A1E7A4F7556}") = "Web API with JSON Web Token for Server Side", "Web API with JSON Web Token for Server Side\Web API with JSON Web Token for Server Side.csproj", "{B1309E9E-8CCA-4848-8C7E-3421FFE69F96}"
EndProject
Project("{FAE04EC0-301F-11D3-BF4B-00C04F79EFBC}") = "ASP.Net Core Identity", "ASP.Net Core Identity\ASP.Net Core Identity.csproj", "{D3EE6F27-F784-4383-AB66-5DD2E79A3008}"
EndProject
Global
	GlobalSection(SolutionConfigurationPlatforms) = preSolution
		Debug|Any CPU = Debug|Any CPU
		Release|Any CPU = Release|Any CPU
	EndGlobalSection
	GlobalSection(ProjectConfigurationPlatforms) = postSolution
		{E21D05E5-9882-403C-A4C1-804F9C21735C}.Debug|Any CPU.ActiveCfg = Debug|Any CPU
		{E21D05E5-9882-403C-A4C1-804F9C21735C}.Debug|Any CPU.Build.0 = Debug|Any CPU
		{E21D05E5-9882-403C-A4C1-804F9C21735C}.Release|Any CPU.ActiveCfg = Release|Any CPU
		{E21D05E5-9882-403C-A4C1-804F9C21735C}.Release|Any CPU.Build.0 = Release|Any CPU
		{B0F9061F-E001-4B14-AF4E-ED2813F2EFDA}.Debug|Any CPU.ActiveCfg = Debug|Any CPU
		{B0F9061F-E001-4B14-AF4E-ED2813F2EFDA}.Debug|Any CPU.Build.0 = Debug|Any CPU
		{B0F9061F-E001-4B14-AF4E-ED2813F2EFDA}.Release|Any CPU.ActiveCfg = Release|Any CPU
		{B0F9061F-E001-4B14-AF4E-ED2813F2EFDA}.Release|Any CPU.Build.0 = Release|Any CPU
		{112A73EC-4E5B-4295-BB38-D2F4D2D3D2B7}.Debug|Any CPU.ActiveCfg = Debug|Any CPU
		{112A73EC-4E5B-4295-BB38-D2F4D2D3D2B7}.Debug|Any CPU.Build.0 = Debug|Any CPU
		{112A73EC-4E5B-4295-BB38-D2F4D2D3D2B7}.Release|Any CPU.ActiveCfg = Release|Any CPU
		{112A73EC-4E5B-4295-BB38-D2F4D2D3D2B7}.Release|Any CPU.Build.0 = Release|Any CPU
		{B457A83F-679D-4A6C-B4C8-096B4573E3DF}.Debug|Any CPU.ActiveCfg = Debug|Any CPU
		{B457A83F-679D-4A6C-B4C8-096B4573E3DF}.Debug|Any CPU.Build.0 = Debug|Any CPU
		{B457A83F-679D-4A6C-B4C8-096B4573E3DF}.Release|Any CPU.ActiveCfg = Release|Any CPU
		{B457A83F-679D-4A6C-B4C8-096B4573E3DF}.Release|Any CPU.Build.0 = Release|Any CPU
		{B1309E9E-8CCA-4848-8C7E-3421FFE69F96}.Debug|Any CPU.ActiveCfg = Debug|Any CPU
		{B1309E9E-8CCA-4848-8C7E-3421FFE69F96}.Debug|Any CPU.Build.0 = Debug|Any CPU
		{B1309E9E-8CCA-4848-8C7E-3421FFE69F96}.Release|Any CPU.ActiveCfg = Release|Any CPU
		{B1309E9E-8CCA-4848-8C7E-3421FFE69F96}.Release|Any CPU.Build.0 = Release|Any CPU
		{D3EE6F27-F784-4383-AB66-5DD2E79A3008}.Debug|Any CPU.ActiveCfg = Debug|Any CPU
		{D3EE6F27-F784-4383-AB66-5DD2E79A3008}.Debug|Any CPU.Build.0 = Debug|Any CPU
		{D3EE6F27-F784-4383-AB66-5DD2E79A3008}.Release|Any CPU.ActiveCfg = Release|Any CPU
		{D3EE6F27-F784-4383-AB66-5DD2E79A3008}.Release|Any CPU.Build.0 = Release|Any CPU
	EndGlobalSection
	GlobalSection(SolutionProperties) = preSolution
		HideSolutionNode = FALSE
	EndGlobalSection
	GlobalSection(ExtensibilityGlobals) = postSolution
		SolutionGuid = {9878D96E-F3FB-47AF-9094-76CBF6E02BCF}
	EndGlobalSection
EndGlobal
